Microsoft Visual Studio Solution File, Format Version 11.00
# Visual Studio 2008

Project("{1D25F983-F81C-7C37-D2DD-997683DF72B0}") = "Unity Shader Project", "Assembly-CSharp-Editor.csproj", "{6DDB6265-DEA7-68D9-0EB0-095A3AA4DC63}"
EndProject
Global
	GlobalSection(SolutionConfigurationPlatforms) = preSolution
		Debug|Any CPU = Debug|Any CPU
		Release|Any CPU = Release|Any CPU
	EndGlobalSection
	GlobalSection(ProjectConfigurationPlatforms) = postSolution
		{6DDB6265-DEA7-68D9-0EB0-095A3AA4DC63}.Debug|Any CPU.ActiveCfg = Debug|Any CPU
		{6DDB6265-DEA7-68D9-0EB0-095A3AA4DC63}.Debug|Any CPU.Build.0 = Debug|Any CPU
		{6DDB6265-DEA7-68D9-0EB0-095A3AA4DC63}.Release|Any CPU.ActiveCfg = Release|Any CPU
		{6DDB6265-DEA7-68D9-0EB0-095A3AA4DC63}.Release|Any CPU.Build.0 = Release|Any CPU
	EndGlobalSection
	GlobalSection(SolutionProperties) = preSolution
		HideSolutionNode = FALSE
	EndGlobalSection
	GlobalSection(MonoDevelopProperties) = preSolution
		StartupItem = Assembly-CSharp.csproj
	EndGlobalSection
EndGlobal
